<?xml version="1.0" encoding="utf-8"?>
<Project ToolsVersion="4.0" xmlns="http://schemas.microsoft.com/developer/msbuild/2003">
  <ItemGroup>
    <Filter Include="Header Files">
      <UniqueIdentifier>{93995380-89BD-4b04-88EB-625FBE52EBFB}</UniqueIdentifier>
      <Extensions>h;hh;hpp;hxx;h++;hm;inl;inc;ipp;xsd</Extensions>
    </Filter>
    <Filter Include="Resource">
      <UniqueIdentifier>{67DA6AB6-F800-4c08-8B7A-83BB121AAD01}</UniqueIdentifier>
      <Extensions>rc;ico;cur;bmp;dlg;rc2;rct;bin;rgs;gif;jpg;jpeg;jpe;resx;tiff;tif;png;wav;mfcribbon-ms</Extensions>
    </Filter>
    <Filter Include="Source">
      <UniqueIdentifier>{4FC737F1-C7A5-4376-A066-2A32D752A2FF}</UniqueIdentifier>
      <Extensions>cpp;c;cc;cxx;c++;cppm;ixx;def;odl;idl;hpj;bat;asm;asmx</Extensions>
    </Filter>
    <Filter Include="Resource\Materials">
      <UniqueIdentifier>{41de78b7-1671-4f68-a87b-9322c02995d8}</UniqueIdentifier>
    </Filter>
    <Filter Include="Resource\Shaders">
      <UniqueIdentifier>{0814f7ae-7675-4996-8c1a-a6e431ff91f8}</UniqueIdentifier>
    </Filter>
  </ItemGroup>
  <ItemGroup>
    <ClCompile Include="Main.cpp">
      <Filter>Source</Filter>
    </ClCompile>
    <ClCompile Include="..\ThirdParty\glad\src\glad.c">
      <Filter>Source</Filter>
    </ClCompile>
  </ItemGroup>
  <ItemGroup>
    <None Include="..\Build\Resources\Shaders\basic.frag">
      <Filter>Resource\Shaders</Filter>
    </None>
    <None Include="..\Build\Resources\Shaders\basic.vert">
      <Filter>Resource\Shaders</Filter>
    </None>
    <None Include="..\Build\Resources\Materials\spot.mtl">
      <Filter>Resource\Materials</Filter>
    </None>
    <None Include="..\Build\Resources\Materials\wood.mtl">
      <Filter>Resource\Materials</Filter>
    </None>
    <None Include="..\Build\Resources\Shaders\gouraud.shdr">
      <Filter>Resource\Shaders</Filter>
    </None>
    <None Include="..\Build\Resources\Shaders\gouraud.frag">
      <Filter>Resource\Shaders</Filter>
    </None>
    <None Include="..\Build\Resources\Shaders\gouraud.vert">
      <Filter>Resource\Shaders</Filter>
    </None>
    <None Include="..\Build\Resources\Shaders\flat.shdr">
      <Filter>Resource\Shaders</Filter>
    </None>
    <None Include="..\Build\Resources\Shaders\flat.vert">
      <Filter>Resource\Shaders</Filter>
    </None>
    <None Include="..\Build\Resources\Shaders\flat.frag">
      <Filter>Resource\Shaders</Filter>
    </None>
    <None Include="..\Build\Resources\Shaders\phong.shdr">
      <Filter>Resource\Shaders</Filter>
    </None>
    <None Include="..\Build\Resources\Shaders\phong.vert">
      <Filter>Resource\Shaders</Filter>
    </None>
    <None Include="..\Build\Resources\Shaders\phong.frag">
      <Filter>Resource\Shaders</Filter>
    </None>
  </ItemGroup>
</Project>